{
  "name": "ajs-homework-3",
  "version": "1.0.0",
  "lockfileVersion": 1,
  "requires": true,
  "dependencies": {
    "@la-chispa/ajs": {
      "version": "1.0.0",
      "resolved": "https://npm.pkg.github.com/download/@la-chispa/ajs/1.0.0/bd1a9519f0e15d2cf8f7640e5be35e39b606cba5e96f6a71cb6edaf005e48edc",
      "integrity": "sha512-qjQUqVckzqMtrsjfy53pLeAIHzU7ZaPd1E8duNQq7yrKoQxLcvqO8LkC+ioZBDASQusAcTs+zhuoUvVv6PyGZA=="
    }
  }
}
